
Microsoft Visual Studio Solution File, Format Version 12.00
# Visual Studio Version 17
VisualStudioVersion = 17.8.34330.188
MinimumVisualStudioVersion = 10.0.40219.1
Project("{778DAE3C-4631-46EA-AA77-85C1314464D9}") = "ClassLibrary1", "ClassLibrary1\ClassLibrary1.vbproj", "{9E6C992D-EE8F-40A2-8361-9773CCD160F4}"
EndProject
Project("{9A19103F-16F7-4668-BE54-9A1E7A4F7556}") = "webapi1", "webapi1\webapi1.csproj", "{5448A951-DE68-4718-A97E-59E6452BEEEC}"
EndProject
Project("{778DAE3C-4631-46EA-AA77-85C1314464D9}") = "vbinterfaces", "vbinterfaces\vbinterfaces.vbproj", "{9E436BC5-19D3-4FA9-BDAC-3DE9535956BB}"
EndProject
Project("{2150E333-8FDC-42A3-9474-1A3956D46DE8}") = "Projektmappenelemente", "Projektmappenelemente", "{EB6CEA3A-47D5-4664-8D43-99519D5CE5AB}"
	ProjectSection(SolutionItems) = preProject
		README.md = README.md
	EndProjectSection
EndProject
Global
	GlobalSection(SolutionConfigurationPlatforms) = preSolution
		Debug|Any CPU = Debug|Any CPU
		Release|Any CPU = Release|Any CPU
	EndGlobalSection
	GlobalSection(ProjectConfigurationPlatforms) = postSolution
		{9E6C992D-EE8F-40A2-8361-9773CCD160F4}.Debug|Any CPU.ActiveCfg = Debug|Any CPU
		{9E6C992D-EE8F-40A2-8361-9773CCD160F4}.Debug|Any CPU.Build.0 = Debug|Any CPU
		{9E6C992D-EE8F-40A2-8361-9773CCD160F4}.Release|Any CPU.ActiveCfg = Release|Any CPU
		{9E6C992D-EE8F-40A2-8361-9773CCD160F4}.Release|Any CPU.Build.0 = Release|Any CPU
		{5448A951-DE68-4718-A97E-59E6452BEEEC}.Debug|Any CPU.ActiveCfg = Debug|Any CPU
		{5448A951-DE68-4718-A97E-59E6452BEEEC}.Debug|Any CPU.Build.0 = Debug|Any CPU
		{5448A951-DE68-4718-A97E-59E6452BEEEC}.Release|Any CPU.ActiveCfg = Release|Any CPU
		{5448A951-DE68-4718-A97E-59E6452BEEEC}.Release|Any CPU.Build.0 = Release|Any CPU
		{9E436BC5-19D3-4FA9-BDAC-3DE9535956BB}.Debug|Any CPU.ActiveCfg = Debug|Any CPU
		{9E436BC5-19D3-4FA9-BDAC-3DE9535956BB}.Debug|Any CPU.Build.0 = Debug|Any CPU
		{9E436BC5-19D3-4FA9-BDAC-3DE9535956BB}.Release|Any CPU.ActiveCfg = Release|Any CPU
		{9E436BC5-19D3-4FA9-BDAC-3DE9535956BB}.Release|Any CPU.Build.0 = Release|Any CPU
	EndGlobalSection
	GlobalSection(SolutionProperties) = preSolution
		HideSolutionNode = FALSE
	EndGlobalSection
	GlobalSection(ExtensibilityGlobals) = postSolution
		SolutionGuid = {8436BD1E-C339-47E6-9514-CE1780322344}
	EndGlobalSection
EndGlobal
